// !$*UTF8*$!
{
	archiveVersion = 1;
	classes = {
	};
	objectVersion = 55;
	objects = {

/* Begin PBXBuildFile section */
		6CFC05292882B6390035900C /* AppDelegate.swift in Sources */ = {isa = PBXBuildFile; fileRef = 6CFC05282882B6390035900C /* AppDelegate.swift */; };
		6CFC052B2882B6390035900C /* SceneDelegate.swift in Sources */ = {isa = PBXBuildFile; fileRef = 6CFC052A2882B6390035900C /* SceneDelegate.swift */; };
		6CFC052D2882B6390035900C /* OverviewViewController.swift in Sources */ = {isa = PBXBuildFile; fileRef = 6CFC052C2882B6390035900C /* OverviewViewController.swift */; };
		6CFC05322882B63A0035900C /* Assets.xcassets in Resources */ = {isa = PBXBuildFile; fileRef = 6CFC05312882B63A0035900C /* Assets.xcassets */; };
		6CFC05352882B63A0035900C /* LaunchScreen.storyboard in Resources */ = {isa = PBXBuildFile; fileRef = 6CFC05332882B63A0035900C /* LaunchScreen.storyboard */; };
		6CFC053F2882B84D0035900C /* BaseTabBarController.swift in Sources */ = {isa = PBXBuildFile; fileRef = 6CFC053E2882B84D0035900C /* BaseTabBarController.swift */; };
		6CFC05432882B8F30035900C /* UIColor + Extension.swift in Sources */ = {isa = PBXBuildFile; fileRef = 6CFC05422882B8F30035900C /* UIColor + Extension.swift */; };
		6CFC05472882B9670035900C /* Resources.swift in Sources */ = {isa = PBXBuildFile; fileRef = 6CFC05462882B9670035900C /* Resources.swift */; };
		6CFC05492882B9DE0035900C /* Enums.swift in Sources */ = {isa = PBXBuildFile; fileRef = 6CFC05482882B9DE0035900C /* Enums.swift */; };
		6CFC054B2882BF630035900C /* BaseNavigationController.swift in Sources */ = {isa = PBXBuildFile; fileRef = 6CFC054A2882BF630035900C /* BaseNavigationController.swift */; };
		6CFC054E2882C1440035900C /* BaseViewController.swift in Sources */ = {isa = PBXBuildFile; fileRef = 6CFC054D2882C1440035900C /* BaseViewController.swift */; };
		6CFC05502882C28D0035900C /* UIView + Extension.swift in Sources */ = {isa = PBXBuildFile; fileRef = 6CFC054F2882C28D0035900C /* UIView + Extension.swift */; };
		6CFC05572882C5A20035900C /* SessionViewController.swift in Sources */ = {isa = PBXBuildFile; fileRef = 6CFC05562882C5A20035900C /* SessionViewController.swift */; };
		6CFC05592882C5AD0035900C /* ProgressViewController.swift in Sources */ = {isa = PBXBuildFile; fileRef = 6CFC05582882C5AD0035900C /* ProgressViewController.swift */; };
		6CFC055B2882C5B90035900C /* SettingsViewController.swift in Sources */ = {isa = PBXBuildFile; fileRef = 6CFC055A2882C5B90035900C /* SettingsViewController.swift */; };
		6CFC055E2882D8E00035900C /* SecondaryButton.swift in Sources */ = {isa = PBXBuildFile; fileRef = 6CFC055D2882D8E00035900C /* SecondaryButton.swift */; };
		6CFC05602882DFF10035900C /* OverviewNavBar.swift in Sources */ = {isa = PBXBuildFile; fileRef = 6CFC055F2882DFF10035900C /* OverviewNavBar.swift */; };
		6CFC05622882E0560035900C /* BaseView.swift in Sources */ = {isa = PBXBuildFile; fileRef = 6CFC05612882E0560035900C /* BaseView.swift */; };
		6CFC05652882EA390035900C /* WeekView.swift in Sources */ = {isa = PBXBuildFile; fileRef = 6CFC05642882EA390035900C /* WeekView.swift */; };
		6CFC05672882EB800035900C /* WeekDayView.swift in Sources */ = {isa = PBXBuildFile; fileRef = 6CFC05662882EB7F0035900C /* WeekDayView.swift */; };
		6CFC05692882EE770035900C /* Date + Extension.swift in Sources */ = {isa = PBXBuildFile; fileRef = 6CFC05682882EE770035900C /* Date + Extension.swift */; };
		6CFC056C2882F7CF0035900C /* BaseInfoView.swift in Sources */ = {isa = PBXBuildFile; fileRef = 6CFC056B2882F7CF0035900C /* BaseInfoView.swift */; };
/* End PBXBuildFile section */

/* Begin PBXFileReference section */
		6CFC05252882B6390035900C /* WorkoutApp.app */ = {isa = PBXFileReference; explicitFileType = wrapper.application; includeInIndex = 0; path = WorkoutApp.app; sourceTree = BUILT_PRODUCTS_DIR; };
		6CFC05282882B6390035900C /* AppDelegate.swift */ = {isa = PBXFileReference; lastKnownFileType = sourcecode.swift; path = AppDelegate.swift; sourceTree = "<group>"; };
		6CFC052A2882B6390035900C /* SceneDelegate.swift */ = {isa = PBXFileReference; lastKnownFileType = sourcecode.swift; path = SceneDelegate.swift; sourceTree = "<group>"; };
		6CFC052C2882B6390035900C /* OverviewViewController.swift */ = {isa = PBXFileReference; lastKnownFileType = sourcecode.swift; path = OverviewViewController.swift; sourceTree = "<group>"; };
		6CFC05312882B63A0035900C /* Assets.xcassets */ = {isa = PBXFileReference; lastKnownFileType = folder.assetcatalog; path = Assets.xcassets; sourceTree = "<group>"; };
		6CFC05342882B63A0035900C /* Base */ = {isa = PBXFileReference; lastKnownFileType = file.storyboard; name = Base; path = Base.lproj/LaunchScreen.storyboard; sourceTree = "<group>"; };
		6CFC05362882B63A0035900C /* Info.plist */ = {isa = PBXFileReference; lastKnownFileType = text.plist.xml; path = Info.plist; sourceTree = "<group>"; };
		6CFC053E2882B84D0035900C /* BaseTabBarController.swift */ = {isa = PBXFileReference; lastKnownFileType = sourcecode.swift; path = BaseTabBarController.swift; sourceTree = "<group>"; };
		6CFC05422882B8F30035900C /* UIColor + Extension.swift */ = {isa = PBXFileReference; lastKnownFileType = sourcecode.swift; path = "UIColor + Extension.swift"; sourceTree = "<group>"; };
		6CFC05462882B9670035900C /* Resources.swift */ = {isa = PBXFileReference; lastKnownFileType = sourcecode.swift; path = Resources.swift; sourceTree = "<group>"; };
		6CFC05482882B9DE0035900C /* Enums.swift */ = {isa = PBXFileReference; lastKnownFileType = sourcecode.swift; path = Enums.swift; sourceTree = "<group>"; };
		6CFC054A2882BF630035900C /* BaseNavigationController.swift */ = {isa = PBXFileReference; lastKnownFileType = sourcecode.swift; path = BaseNavigationController.swift; sourceTree = "<group>"; };
		6CFC054D2882C1440035900C /* BaseViewController.swift */ = {isa = PBXFileReference; lastKnownFileType = sourcecode.swift; path = BaseViewController.swift; sourceTree = "<group>"; };
		6CFC054F2882C28D0035900C /* UIView + Extension.swift */ = {isa = PBXFileReference; lastKnownFileType = sourcecode.swift; path = "UIView + Extension.swift"; sourceTree = "<group>"; };
		6CFC05562882C5A20035900C /* SessionViewController.swift */ = {isa = PBXFileReference; lastKnownFileType = sourcecode.swift; path = SessionViewController.swift; sourceTree = "<group>"; };
		6CFC05582882C5AD0035900C /* ProgressViewController.swift */ = {isa = PBXFileReference; lastKnownFileType = sourcecode.swift; path = ProgressViewController.swift; sourceTree = "<group>"; };
		6CFC055A2882C5B90035900C /* SettingsViewController.swift */ = {isa = PBXFileReference; lastKnownFileType = sourcecode.swift; path = SettingsViewController.swift; sourceTree = "<group>"; };
		6CFC055D2882D8E00035900C /* SecondaryButton.swift */ = {isa = PBXFileReference; lastKnownFileType = sourcecode.swift; path = SecondaryButton.swift; sourceTree = "<group>"; };
		6CFC055F2882DFF10035900C /* OverviewNavBar.swift */ = {isa = PBXFileReference; lastKnownFileType = sourcecode.swift; path = OverviewNavBar.swift; sourceTree = "<group>"; };
		6CFC05612882E0560035900C /* BaseView.swift */ = {isa = PBXFileReference; lastKnownFileType = sourcecode.swift; path = BaseView.swift; sourceTree = "<group>"; };
		6CFC05642882EA390035900C /* WeekView.swift */ = {isa = PBXFileReference; lastKnownFileType = sourcecode.swift; path = WeekView.swift; sourceTree = "<group>"; };
		6CFC05662882EB7F0035900C /* WeekDayView.swift */ = {isa = PBXFileReference; lastKnownFileType = sourcecode.swift; path = WeekDayView.swift; sourceTree = "<group>"; };
		6CFC05682882EE770035900C /* Date + Extension.swift */ = {isa = PBXFileReference; lastKnownFileType = sourcecode.swift; path = "Date + Extension.swift"; sourceTree = "<group>"; };
		6CFC056B2882F7CF0035900C /* BaseInfoView.swift */ = {isa = PBXFileReference; lastKnownFileType = sourcecode.swift; path = BaseInfoView.swift; sourceTree = "<group>"; };
		6CFC056D2882FF5A0035900C /* ru */ = {isa = PBXFileReference; lastKnownFileType = text.plist.strings; name = ru; path = ru.lproj/LaunchScreen.strings; sourceTree = "<group>"; };
/* End PBXFileReference section */

/* Begin PBXFrameworksBuildPhase section */
		6CFC05222882B6390035900C /* Frameworks */ = {
			isa = PBXFrameworksBuildPhase;
			buildActionMask = 2147483647;
			files = (
			);
			runOnlyForDeploymentPostprocessing = 0;
		};
/* End PBXFrameworksBuildPhase section */

/* Begin PBXGroup section */
		6CFC051C2882B6390035900C = {
			isa = PBXGroup;
			children = (
				6CFC05272882B6390035900C /* WorkoutApp */,
				6CFC05262882B6390035900C /* Products */,
			);
			sourceTree = "<group>";
		};
		6CFC05262882B6390035900C /* Products */ = {
			isa = PBXGroup;
			children = (
				6CFC05252882B6390035900C /* WorkoutApp.app */,
			);
			name = Products;
			sourceTree = "<group>";
		};
		6CFC05272882B6390035900C /* WorkoutApp */ = {
			isa = PBXGroup;
			children = (
				6CFC05412882B8CC0035900C /* Helpers */,
				6CFC053C2882B66C0035900C /* Application */,
				6CFC054C2882C1220035900C /* Controllers */,
				6CFC053D2882B6B00035900C /* SupportingFiles */,
			);
			path = WorkoutApp;
			sourceTree = "<group>";
		};
		6CFC053C2882B66C0035900C /* Application */ = {
			isa = PBXGroup;
			children = (
				6CFC05282882B6390035900C /* AppDelegate.swift */,
				6CFC052A2882B6390035900C /* SceneDelegate.swift */,
			);
			path = Application;
			sourceTree = "<group>";
		};
		6CFC053D2882B6B00035900C /* SupportingFiles */ = {
			isa = PBXGroup;
			children = (
				6CFC05312882B63A0035900C /* Assets.xcassets */,
				6CFC05332882B63A0035900C /* LaunchScreen.storyboard */,
				6CFC05362882B63A0035900C /* Info.plist */,
			);
			path = SupportingFiles;
			sourceTree = "<group>";
		};
		6CFC05412882B8CC0035900C /* Helpers */ = {
			isa = PBXGroup;
			children = (
				6CFC05442882B9550035900C /* Extensions */,
				6CFC05462882B9670035900C /* Resources.swift */,
				6CFC05482882B9DE0035900C /* Enums.swift */,
			);
			path = Helpers;
			sourceTree = "<group>";
		};
		6CFC05442882B9550035900C /* Extensions */ = {
			isa = PBXGroup;
			children = (
				6CFC05422882B8F30035900C /* UIColor + Extension.swift */,
				6CFC054F2882C28D0035900C /* UIView + Extension.swift */,
				6CFC05682882EE770035900C /* Date + Extension.swift */,
			);
			path = Extensions;
			sourceTree = "<group>";
		};
		6CFC054C2882C1220035900C /* Controllers */ = {
			isa = PBXGroup;
			children = (
				6CFC05552882C55D0035900C /* Overview */,
				6CFC05542882C5590035900C /* Session */,
				6CFC05532882C5530035900C /* Progress */,
				6CFC05522882C54F0035900C /* Settings */,
				6CFC05512882C5170035900C /* Base */,
			);
			path = Controllers;
			sourceTree = "<group>";
		};
		6CFC05512882C5170035900C /* Base */ = {
			isa = PBXGroup;
			children = (
				6CFC056A2882F7B90035900C /* Views */,
				6CFC053E2882B84D0035900C /* BaseTabBarController.swift */,
				6CFC054A2882BF630035900C /* BaseNavigationController.swift */,
				6CFC054D2882C1440035900C /* BaseViewController.swift */,
			);
			path = Base;
			sourceTree = "<group>";
		};
		6CFC05522882C54F0035900C /* Settings */ = {
			isa = PBXGroup;
			children = (
				6CFC055A2882C5B90035900C /* SettingsViewController.swift */,
			);
			path = Settings;
			sourceTree = "<group>";
		};
		6CFC05532882C5530035900C /* Progress */ = {
			isa = PBXGroup;
			children = (
				6CFC05582882C5AD0035900C /* ProgressViewController.swift */,
			);
			path = Progress;
			sourceTree = "<group>";
		};
		6CFC05542882C5590035900C /* Session */ = {
			isa = PBXGroup;
			children = (
				6CFC05562882C5A20035900C /* SessionViewController.swift */,
			);
			path = Session;
			sourceTree = "<group>";
		};
		6CFC05552882C55D0035900C /* Overview */ = {
			isa = PBXGroup;
			children = (
				6CFC055C2882D8BC0035900C /* Views */,
				6CFC052C2882B6390035900C /* OverviewViewController.swift */,
			);
			path = Overview;
			sourceTree = "<group>";
		};
		6CFC055C2882D8BC0035900C /* Views */ = {
			isa = PBXGroup;
			children = (
				6CFC05632882EA280035900C /* WeekView */,
				6CFC055D2882D8E00035900C /* SecondaryButton.swift */,
				6CFC055F2882DFF10035900C /* OverviewNavBar.swift */,
			);
			path = Views;
			sourceTree = "<group>";
		};
		6CFC05632882EA280035900C /* WeekView */ = {
			isa = PBXGroup;
			children = (
				6CFC05642882EA390035900C /* WeekView.swift */,
				6CFC05662882EB7F0035900C /* WeekDayView.swift */,
			);
			path = WeekView;
			sourceTree = "<group>";
		};
		6CFC056A2882F7B90035900C /* Views */ = {
			isa = PBXGroup;
			children = (
				6CFC05612882E0560035900C /* BaseView.swift */,
				6CFC056B2882F7CF0035900C /* BaseInfoView.swift */,
			);
			path = Views;
			sourceTree = "<group>";
		};
/* End PBXGroup section */

/* Begin PBXNativeTarget section */
		6CFC05242882B6390035900C /* WorkoutApp */ = {
			isa = PBXNativeTarget;
			buildConfigurationList = 6CFC05392882B63A0035900C /* Build configuration list for PBXNativeTarget "WorkoutApp" */;
			buildPhases = (
				6CFC05212882B6390035900C /* Sources */,
				6CFC05222882B6390035900C /* Frameworks */,
				6CFC05232882B6390035900C /* Resources */,
			);
			buildRules = (
			);
			dependencies = (
			);
			name = WorkoutApp;
			productName = WorkoutApp;
			productReference = 6CFC05252882B6390035900C /* WorkoutApp.app */;
			productType = "com.apple.product-type.application";
		};
/* End PBXNativeTarget section */

/* Begin PBXProject section */
		6CFC051D2882B6390035900C /* Project object */ = {
			isa = PBXProject;
			attributes = {
				BuildIndependentTargetsInParallel = 1;
				LastSwiftUpdateCheck = 1320;
				LastUpgradeCheck = 1320;
				TargetAttributes = {
					6CFC05242882B6390035900C = {
						CreatedOnToolsVersion = 13.2.1;
					};
				};
			};
			buildConfigurationList = 6CFC05202882B6390035900C /* Build configuration list for PBXProject "WorkoutApp" */;
			compatibilityVersion = "Xcode 13.0";
			developmentRegion = en;
			hasScannedForEncodings = 0;
			knownRegions = (
				en,
				Base,
				ru,
			);
			mainGroup = 6CFC051C2882B6390035900C;
			productRefGroup = 6CFC05262882B6390035900C /* Products */;
			projectDirPath = "";
			projectRoot = "";
			targets = (
				6CFC05242882B6390035900C /* WorkoutApp */,
			);
		};
/* End PBXProject section */

/* Begin PBXResourcesBuildPhase section */
		6CFC05232882B6390035900C /* Resources */ = {
			isa = PBXResourcesBuildPhase;
			buildActionMask = 2147483647;
			files = (
				6CFC05352882B63A0035900C /* LaunchScreen.storyboard in Resources */,
				6CFC05322882B63A0035900C /* Assets.xcassets in Resources */,
			);
			runOnlyForDeploymentPostprocessing = 0;
		};
/* End PBXResourcesBuildPhase section */

/* Begin PBXSourcesBuildPhase section */
		6CFC05212882B6390035900C /* Sources */ = {
			isa = PBXSourcesBuildPhase;
			buildActionMask = 2147483647;
			files = (
				6CFC05502882C28D0035900C /* UIView + Extension.swift in Sources */,
				6CFC052D2882B6390035900C /* OverviewViewController.swift in Sources */,
				6CFC054E2882C1440035900C /* BaseViewController.swift in Sources */,
				6CFC05592882C5AD0035900C /* ProgressViewController.swift in Sources */,
				6CFC05432882B8F30035900C /* UIColor + Extension.swift in Sources */,
				6CFC053F2882B84D0035900C /* BaseTabBarController.swift in Sources */,
				6CFC05652882EA390035900C /* WeekView.swift in Sources */,
				6CFC05472882B9670035900C /* Resources.swift in Sources */,
				6CFC05492882B9DE0035900C /* Enums.swift in Sources */,
				6CFC05292882B6390035900C /* AppDelegate.swift in Sources */,
				6CFC05572882C5A20035900C /* SessionViewController.swift in Sources */,
				6CFC055E2882D8E00035900C /* SecondaryButton.swift in Sources */,
				6CFC055B2882C5B90035900C /* SettingsViewController.swift in Sources */,
				6CFC05672882EB800035900C /* WeekDayView.swift in Sources */,
				6CFC052B2882B6390035900C /* SceneDelegate.swift in Sources */,
				6CFC054B2882BF630035900C /* BaseNavigationController.swift in Sources */,
				6CFC05602882DFF10035900C /* OverviewNavBar.swift in Sources */,
				6CFC05692882EE770035900C /* Date + Extension.swift in Sources */,
				6CFC05622882E0560035900C /* BaseView.swift in Sources */,
				6CFC056C2882F7CF0035900C /* BaseInfoView.swift in Sources */,
			);
			runOnlyForDeploymentPostprocessing = 0;
		};
/* End PBXSourcesBuildPhase section */

/* Begin PBXVariantGroup section */
		6CFC05332882B63A0035900C /* LaunchScreen.storyboard */ = {
			isa = PBXVariantGroup;
			children = (
				6CFC05342882B63A0035900C /* Base */,
				6CFC056D2882FF5A0035900C /* ru */,
			);
			name = LaunchScreen.storyboard;
			sourceTree = "<group>";
		};
/* End PBXVariantGroup section */

/* Begin XCBuildConfiguration section */
		6CFC05372882B63A0035900C /* Debug */ = {
			isa = XCBuildConfiguration;
			buildSettings = {
				ALWAYS_SEARCH_USER_PATHS = NO;
				CLANG_ANALYZER_LOCALIZABILITY_NONLOCALIZED = YES;
				CLANG_ANALYZER_NONNULL = YES;
				CLANG_ANALYZER_NUMBER_OBJECT_CONVERSION = YES_AGGRESSIVE;
				CLANG_CXX_LANGUAGE_STANDARD = "gnu++17";
				CLANG_CXX_LIBRARY = "libc++";
				CLANG_ENABLE_MODULES = YES;
				CLANG_ENABLE_OBJC_ARC = YES;
				CLANG_ENABLE_OBJC_WEAK = YES;
				CLANG_WARN_BLOCK_CAPTURE_AUTORELEASING = YES;
				CLANG_WARN_BOOL_CONVERSION = YES;
				CLANG_WARN_COMMA = YES;
				CLANG_WARN_CONSTANT_CONVERSION = YES;
				CLANG_WARN_DEPRECATED_OBJC_IMPLEMENTATIONS = YES;
				CLANG_WARN_DIRECT_OBJC_ISA_USAGE = YES_ERROR;
				CLANG_WARN_DOCUMENTATION_COMMENTS = YES;
				CLANG_WARN_EMPTY_BODY = YES;
				CLANG_WARN_ENUM_CONVERSION = YES;
				CLANG_WARN_INFINITE_RECURSION = YES;
				CLANG_WARN_INT_CONVERSION = YES;
				CLANG_WARN_NON_LITERAL_NULL_CONVERSION = YES;
				CLANG_WARN_OBJC_IMPLICIT_RETAIN_SELF = YES;
				CLANG_WARN_OBJC_LITERAL_CONVERSION = YES;
				CLANG_WARN_OBJC_ROOT_CLASS = YES_ERROR;
				CLANG_WARN_QUOTED_INCLUDE_IN_FRAMEWORK_HEADER = YES;
				CLANG_WARN_RANGE_LOOP_ANALYSIS = YES;
				CLANG_WARN_STRICT_PROTOTYPES = YES;
				CLANG_WARN_SUSPICIOUS_MOVE = YES;
				CLANG_WARN_UNGUARDED_AVAILABILITY = YES_AGGRESSIVE;
				CLANG_WARN_UNREACHABLE_CODE = YES;
				CLANG_WARN__DUPLICATE_METHOD_MATCH = YES;
				COPY_PHASE_STRIP = NO;
				DEBUG_INFORMATION_FORMAT = dwarf;
				ENABLE_STRICT_OBJC_MSGSEND = YES;
				ENABLE_TESTABILITY = YES;
				GCC_C_LANGUAGE_STANDARD = gnu11;
				GCC_DYNAMIC_NO_PIC = NO;
				GCC_NO_COMMON_BLOCKS = YES;
				GCC_OPTIMIZATION_LEVEL = 0;
				GCC_PREPROCESSOR_DEFINITIONS = (
					"DEBUG=1",
					"$(inherited)",
				);
				GCC_WARN_64_TO_32_BIT_CONVERSION = YES;
				GCC_WARN_ABOUT_RETURN_TYPE = YES_ERROR;
				GCC_WARN_UNDECLARED_SELECTOR = YES;
				GCC_WARN_UNINITIALIZED_AUTOS = YES_AGGRESSIVE;
				GCC_WARN_UNUSED_FUNCTION = YES;
				GCC_WARN_UNUSED_VARIABLE = YES;
				IPHONEOS_DEPLOYMENT_TARGET = 13.0;
				MTL_ENABLE_DEBUG_INFO = INCLUDE_SOURCE;
				MTL_FAST_MATH = YES;
				ONLY_ACTIVE_ARCH = YES;
				SDKROOT = iphoneos;
				SWIFT_ACTIVE_COMPILATION_CONDITIONS = DEBUG;
				SWIFT_OPTIMIZATION_LEVEL = "-Onone";
			};
			name = Debug;
		};
		6CFC05382882B63A0035900C /* Release */ = {
			isa = XCBuildConfiguration;
			buildSettings = {
				ALWAYS_SEARCH_USER_PATHS = NO;
				CLANG_ANALYZER_LOCALIZABILITY_NONLOCALIZED = YES;
				CLANG_ANALYZER_NONNULL = YES;
				CLANG_ANALYZER_NUMBER_OBJECT_CONVERSION = YES_AGGRESSIVE;
				CLANG_CXX_LANGUAGE_STANDARD = "gnu++17";
				CLANG_CXX_LIBRARY = "libc++";
				CLANG_ENABLE_MODULES = YES;
				CLANG_ENABLE_OBJC_ARC = YES;
				CLANG_ENABLE_OBJC_WEAK = YES;
				CLANG_WARN_BLOCK_CAPTURE_AUTORELEASING = YES;
				CLANG_WARN_BOOL_CONVERSION = YES;
				CLANG_WARN_COMMA = YES;
				CLANG_WARN_CONSTANT_CONVERSION = YES;
				CLANG_WARN_DEPRECATED_OBJC_IMPLEMENTATIONS = YES;
				CLANG_WARN_DIRECT_OBJC_ISA_USAGE = YES_ERROR;
				CLANG_WARN_DOCUMENTATION_COMMENTS = YES;
				CLANG_WARN_EMPTY_BODY = YES;
				CLANG_WARN_ENUM_CONVERSION = YES;
				CLANG_WARN_INFINITE_RECURSION = YES;
				CLANG_WARN_INT_CONVERSION = YES;
				CLANG_WARN_NON_LITERAL_NULL_CONVERSION = YES;
				CLANG_WARN_OBJC_IMPLICIT_RETAIN_SELF = YES;
				CLANG_WARN_OBJC_LITERAL_CONVERSION = YES;
				CLANG_WARN_OBJC_ROOT_CLASS = YES_ERROR;
				CLANG_WARN_QUOTED_INCLUDE_IN_FRAMEWORK_HEADER = YES;
				CLANG_WARN_RANGE_LOOP_ANALYSIS = YES;
				CLANG_WARN_STRICT_PROTOTYPES = YES;
				CLANG_WARN_SUSPICIOUS_MOVE = YES;
				CLANG_WARN_UNGUARDED_AVAILABILITY = YES_AGGRESSIVE;
				CLANG_WARN_UNREACHABLE_CODE = YES;
				CLANG_WARN__DUPLICATE_METHOD_MATCH = YES;
				COPY_PHASE_STRIP = NO;
				DEBUG_INFORMATION_FORMAT = "dwarf-with-dsym";
				ENABLE_NS_ASSERTIONS = NO;
				ENABLE_STRICT_OBJC_MSGSEND = YES;
				GCC_C_LANGUAGE_STANDARD = gnu11;
				GCC_NO_COMMON_BLOCKS = YES;
				GCC_WARN_64_TO_32_BIT_CONVERSION = YES;
				GCC_WARN_ABOUT_RETURN_TYPE = YES_ERROR;
				GCC_WARN_UNDECLARED_SELECTOR = YES;
				GCC_WARN_UNINITIALIZED_AUTOS = YES_AGGRESSIVE;
				GCC_WARN_UNUSED_FUNCTION = YES;
				GCC_WARN_UNUSED_VARIABLE = YES;
				IPHONEOS_DEPLOYMENT_TARGET = 13.0;
				MTL_ENABLE_DEBUG_INFO = NO;
				MTL_FAST_MATH = YES;
				SDKROOT = iphoneos;
				SWIFT_COMPILATION_MODE = wholemodule;
				SWIFT_OPTIMIZATION_LEVEL = "-O";
				VALIDATE_PRODUCT = YES;
			};
			name = Release;
		};
		6CFC053A2882B63A0035900C /* Debug */ = {
			isa = XCBuildConfiguration;
			buildSettings = {
				ASSETCATALOG_COMPILER_APPICON_NAME = AppIcon;
				ASSETCATALOG_COMPILER_GLOBAL_ACCENT_COLOR_NAME = AccentColor;
				CODE_SIGN_STYLE = Automatic;
				CURRENT_PROJECT_VERSION = 1;
				DEVELOPMENT_TEAM = MAMAND5R9P;
				GENERATE_INFOPLIST_FILE = YES;
				INFOPLIST_FILE = WorkoutApp/SupportingFiles/Info.plist;
				INFOPLIST_KEY_UIApplicationSupportsIndirectInputEvents = YES;
				INFOPLIST_KEY_UILaunchStoryboardName = LaunchScreen;
				INFOPLIST_KEY_UISupportedInterfaceOrientations = UIInterfaceOrientationPortrait;
				INFOPLIST_KEY_UISupportedInterfaceOrientations_iPad = "UIInterfaceOrientationPortrait UIInterfaceOrientationPortraitUpsideDown UIInterfaceOrientationLandscapeLeft UIInterfaceOrientationLandscapeRight";
				INFOPLIST_KEY_UISupportedInterfaceOrientations_iPhone = "UIInterfaceOrientationPortrait UIInterfaceOrientationLandscapeLeft UIInterfaceOrientationLandscapeRight";
				IPHONEOS_DEPLOYMENT_TARGET = 13.0;
				LD_RUNPATH_SEARCH_PATHS = (
					"$(inherited)",
					"@executable_path/Frameworks",
				);
				MARKETING_VERSION = 1.0;
				PRODUCT_BUNDLE_IDENTIFIER = AlexeyRadomskiy.WorkoutApp;
				PRODUCT_NAME = "$(TARGET_NAME)";
				SWIFT_EMIT_LOC_STRINGS = YES;
				SWIFT_VERSION = 5.0;
				TARGETED_DEVICE_FAMILY = 1;
			};
			name = Debug;
		};
		6CFC053B2882B63A0035900C /* Release */ = {
			isa = XCBuildConfiguration;
			buildSettings = {
				ASSETCATALOG_COMPILER_APPICON_NAME = AppIcon;
				ASSETCATALOG_COMPILER_GLOBAL_ACCENT_COLOR_NAME = AccentColor;
				CODE_SIGN_STYLE = Automatic;
				CURRENT_PROJECT_VERSION = 1;
				DEVELOPMENT_TEAM = MAMAND5R9P;
				GENERATE_INFOPLIST_FILE = YES;
				INFOPLIST_FILE = WorkoutApp/SupportingFiles/Info.plist;
				INFOPLIST_KEY_UIApplicationSupportsIndirectInputEvents = YES;
				INFOPLIST_KEY_UILaunchStoryboardName = LaunchScreen;
				INFOPLIST_KEY_UISupportedInterfaceOrientations = UIInterfaceOrientationPortrait;
				INFOPLIST_KEY_UISupportedInterfaceOrientations_iPad = "UIInterfaceOrientationPortrait UIInterfaceOrientationPortraitUpsideDown UIInterfaceOrientationLandscapeLeft UIInterfaceOrientationLandscapeRight";
				INFOPLIST_KEY_UISupportedInterfaceOrientations_iPhone = "UIInterfaceOrientationPortrait UIInterfaceOrientationLandscapeLeft UIInterfaceOrientationLandscapeRight";
				IPHONEOS_DEPLOYMENT_TARGET = 13.0;
				LD_RUNPATH_SEARCH_PATHS = (
					"$(inherited)",
					"@executable_path/Frameworks",
				);
				MARKETING_VERSION = 1.0;
				PRODUCT_BUNDLE_IDENTIFIER = AlexeyRadomskiy.WorkoutApp;
				PRODUCT_NAME = "$(TARGET_NAME)";
				SWIFT_EMIT_LOC_STRINGS = YES;
				SWIFT_VERSION = 5.0;
				TARGETED_DEVICE_FAMILY = 1;
			};
			name = Release;
		};
/* End XCBuildConfiguration section */

/* Begin XCConfigurationList section */
		6CFC05202882B6390035900C /* Build configuration list for PBXProject "WorkoutApp" */ = {
			isa = XCConfigurationList;
			buildConfigurations = (
				6CFC05372882B63A0035900C /* Debug */,
				6CFC05382882B63A0035900C /* Release */,
			);
			defaultConfigurationIsVisible = 0;
			defaultConfigurationName = Release;
		};
		6CFC05392882B63A0035900C /* Build configuration list for PBXNativeTarget "WorkoutApp" */ = {
			isa = XCConfigurationList;
			buildConfigurations = (
				6CFC053A2882B63A0035900C /* Debug */,
				6CFC053B2882B63A0035900C /* Release */,
			);
			defaultConfigurationIsVisible = 0;
			defaultConfigurationName = Release;
		};
/* End XCConfigurationList section */
	};
	rootObject = 6CFC051D2882B6390035900C /* Project object */;
}
